
Microsoft Visual Studio Solution File, Format Version 12.00
# Visual Studio Version 17
VisualStudioVersion = 17.7.34003.232
MinimumVisualStudioVersion = 10.0.40219.1
Project("{FAE04EC0-301F-11D3-BF4B-00C04F79EFBC}") = "Albazon.Services.Discounts.Api", "src\Albazon.Services.Discounts.Api\Albazon.Services.Discounts.Api.csproj", "{5E775176-5949-4F24-99F3-8D1635EB1437}"
EndProject
Global
	GlobalSection(SolutionConfigurationPlatforms) = preSolution
		Debug|Any CPU = Debug|Any CPU
		Release|Any CPU = Release|Any CPU
	EndGlobalSection
	GlobalSection(ProjectConfigurationPlatforms) = postSolution
		{5E775176-5949-4F24-99F3-8D1635EB1437}.Debug|Any CPU.ActiveCfg = Debug|Any CPU
		{5E775176-5949-4F24-99F3-8D1635EB1437}.Debug|Any CPU.Build.0 = Debug|Any CPU
		{5E775176-5949-4F24-99F3-8D1635EB1437}.Release|Any CPU.ActiveCfg = Release|Any CPU
		{5E775176-5949-4F24-99F3-8D1635EB1437}.Release|Any CPU.Build.0 = Release|Any CPU
	EndGlobalSection
	GlobalSection(SolutionProperties) = preSolution
		HideSolutionNode = FALSE
	EndGlobalSection
	GlobalSection(ExtensibilityGlobals) = postSolution
		SolutionGuid = {67FA52AF-9E08-48EC-AA1B-10BA2A6AB813}
	EndGlobalSection
EndGlobal
